
Microsoft Visual Studio Solution File, Format Version 12.00
# Visual Studio Version 17
VisualStudioVersion = 17.10.34928.147
MinimumVisualStudioVersion = 10.0.40219.1
Project("{FAE04EC0-301F-11D3-BF4B-00C04F79EFBC}") = "BikeRentalManagement_V2", "BikeRentalManagement_V2\BikeRentalManagement_V2.csproj", "{932C3A8D-B204-4108-AE90-ABDCF2E06C77}"
EndProject
Global
	GlobalSection(SolutionConfigurationPlatforms) = preSolution
		Debug|Any CPU = Debug|Any CPU
		Release|Any CPU = Release|Any CPU
	EndGlobalSection
	GlobalSection(ProjectConfigurationPlatforms) = postSolution
		{932C3A8D-B204-4108-AE90-ABDCF2E06C77}.Debug|Any CPU.ActiveCfg = Debug|Any CPU
		{932C3A8D-B204-4108-AE90-ABDCF2E06C77}.Debug|Any CPU.Build.0 = Debug|Any CPU
		{932C3A8D-B204-4108-AE90-ABDCF2E06C77}.Release|Any CPU.ActiveCfg = Release|Any CPU
		{932C3A8D-B204-4108-AE90-ABDCF2E06C77}.Release|Any CPU.Build.0 = Release|Any CPU
	EndGlobalSection
	GlobalSection(SolutionProperties) = preSolution
		HideSolutionNode = FALSE
	EndGlobalSection
	GlobalSection(ExtensibilityGlobals) = postSolution
		SolutionGuid = {74B89642-FDA5-4CE3-B84B-F17DA6FA1DC3}
	EndGlobalSection
EndGlobal
